
Microsoft Visual Studio Solution File, Format Version 12.00
# Visual Studio Version 17
VisualStudioVersion = 17.9.34714.143
MinimumVisualStudioVersion = 10.0.40219.1
Project("{FAE04EC0-301F-11D3-BF4B-00C04F79EFBC}") = "ECommerceApplication", "ECommerceApplication.csproj", "{2A8C3198-1842-4EB8-986C-13D8219ACF42}"
EndProject
Global
	GlobalSection(SolutionConfigurationPlatforms) = preSolution
		Debug|Any CPU = Debug|Any CPU
		Release|Any CPU = Release|Any CPU
	EndGlobalSection
	GlobalSection(ProjectConfigurationPlatforms) = postSolution
		{2A8C3198-1842-4EB8-986C-13D8219ACF42}.Debug|Any CPU.ActiveCfg = Debug|Any CPU
		{2A8C3198-1842-4EB8-986C-13D8219ACF42}.Debug|Any CPU.Build.0 = Debug|Any CPU
		{2A8C3198-1842-4EB8-986C-13D8219ACF42}.Release|Any CPU.ActiveCfg = Release|Any CPU
		{2A8C3198-1842-4EB8-986C-13D8219ACF42}.Release|Any CPU.Build.0 = Release|Any CPU
	EndGlobalSection
	GlobalSection(SolutionProperties) = preSolution
		HideSolutionNode = FALSE
	EndGlobalSection
	GlobalSection(ExtensibilityGlobals) = postSolution
		SolutionGuid = {FEC54596-979E-4403-82D5-B854F23C1291}
	EndGlobalSection
EndGlobal
